
Microsoft Visual Studio Solution File, Format Version 12.00
# Visual Studio Version 16
VisualStudioVersion = 16.0.30621.155
MinimumVisualStudioVersion = 10.0.40219.1
Project("{FAE04EC0-301F-11D3-BF4B-00C04F79EFBC}") = "SCP", "SCP\SCP.csproj", "{AEA343D0-70AB-41DA-8138-430F66A90D18}"
EndProject
Project("{FAE04EC0-301F-11D3-BF4B-00C04F79EFBC}") = "SCP.Core", "SCP.Core\SCP.Core.csproj", "{2593F3B2-4A46-4B94-9DFC-1C94A71F2898}"
EndProject
Project("{FAE04EC0-301F-11D3-BF4B-00C04F79EFBC}") = "SCP.Infraestructure", "SCP.Infraestructure\SCP.Infraestructure.csproj", "{E3681662-1AE1-46F4-9B26-D2ECA70E414D}"
EndProject
Project("{2150E333-8FDC-42A3-9474-1A3956D46DE8}") = "Test", "Test", "{E1A87E65-CC7A-4FBC-9BB4-CA416C8C4104}"
EndProject
Project("{FAE04EC0-301F-11D3-BF4B-00C04F79EFBC}") = "SCP.UnitTest", "SCP.UnitTest\SCP.UnitTest.csproj", "{AFB1C56E-DBEC-4937-A868-E33617FF36D4}"
EndProject
Project("{FAE04EC0-301F-11D3-BF4B-00C04F79EFBC}") = "SCP.IntegrationTest", "SCP.IntegrationTest\SCP.IntegrationTest.csproj", "{13DD62D6-8A64-4F3B-B284-4522FA549C66}"
EndProject
Global
	GlobalSection(SolutionConfigurationPlatforms) = preSolution
		Debug|Any CPU = Debug|Any CPU
		Release|Any CPU = Release|Any CPU
	EndGlobalSection
	GlobalSection(ProjectConfigurationPlatforms) = postSolution
		{AEA343D0-70AB-41DA-8138-430F66A90D18}.Debug|Any CPU.ActiveCfg = Debug|Any CPU
		{AEA343D0-70AB-41DA-8138-430F66A90D18}.Debug|Any CPU.Build.0 = Debug|Any CPU
		{AEA343D0-70AB-41DA-8138-430F66A90D18}.Release|Any CPU.ActiveCfg = Release|Any CPU
		{AEA343D0-70AB-41DA-8138-430F66A90D18}.Release|Any CPU.Build.0 = Release|Any CPU
		{2593F3B2-4A46-4B94-9DFC-1C94A71F2898}.Debug|Any CPU.ActiveCfg = Debug|Any CPU
		{2593F3B2-4A46-4B94-9DFC-1C94A71F2898}.Debug|Any CPU.Build.0 = Debug|Any CPU
		{2593F3B2-4A46-4B94-9DFC-1C94A71F2898}.Release|Any CPU.ActiveCfg = Release|Any CPU
		{2593F3B2-4A46-4B94-9DFC-1C94A71F2898}.Release|Any CPU.Build.0 = Release|Any CPU
		{E3681662-1AE1-46F4-9B26-D2ECA70E414D}.Debug|Any CPU.ActiveCfg = Debug|Any CPU
		{E3681662-1AE1-46F4-9B26-D2ECA70E414D}.Debug|Any CPU.Build.0 = Debug|Any CPU
		{E3681662-1AE1-46F4-9B26-D2ECA70E414D}.Release|Any CPU.ActiveCfg = Release|Any CPU
		{E3681662-1AE1-46F4-9B26-D2ECA70E414D}.Release|Any CPU.Build.0 = Release|Any CPU
		{AFB1C56E-DBEC-4937-A868-E33617FF36D4}.Debug|Any CPU.ActiveCfg = Debug|Any CPU
		{AFB1C56E-DBEC-4937-A868-E33617FF36D4}.Debug|Any CPU.Build.0 = Debug|Any CPU
		{AFB1C56E-DBEC-4937-A868-E33617FF36D4}.Release|Any CPU.ActiveCfg = Release|Any CPU
		{AFB1C56E-DBEC-4937-A868-E33617FF36D4}.Release|Any CPU.Build.0 = Release|Any CPU
		{13DD62D6-8A64-4F3B-B284-4522FA549C66}.Debug|Any CPU.ActiveCfg = Debug|Any CPU
		{13DD62D6-8A64-4F3B-B284-4522FA549C66}.Debug|Any CPU.Build.0 = Debug|Any CPU
		{13DD62D6-8A64-4F3B-B284-4522FA549C66}.Release|Any CPU.ActiveCfg = Release|Any CPU
		{13DD62D6-8A64-4F3B-B284-4522FA549C66}.Release|Any CPU.Build.0 = Release|Any CPU
	EndGlobalSection
	GlobalSection(SolutionProperties) = preSolution
		HideSolutionNode = FALSE
	EndGlobalSection
	GlobalSection(NestedProjects) = preSolution
		{AFB1C56E-DBEC-4937-A868-E33617FF36D4} = {E1A87E65-CC7A-4FBC-9BB4-CA416C8C4104}
		{13DD62D6-8A64-4F3B-B284-4522FA549C66} = {E1A87E65-CC7A-4FBC-9BB4-CA416C8C4104}
	EndGlobalSection
	GlobalSection(ExtensibilityGlobals) = postSolution
		SolutionGuid = {B95A022B-82C8-46D3-BF1A-64604A9A02C2}
	EndGlobalSection
EndGlobal
